<?xml version="1.0" encoding="utf-8"?>
<Project ToolsVersion="4.0" xmlns="http://schemas.microsoft.com/developer/msbuild/2003">
  <ItemGroup>
    <Filter Include="Source Files">
      <UniqueIdentifier>{4FC737F1-C7A5-4376-A066-2A32D752A2FF}</UniqueIdentifier>
      <Extensions>cpp;c;cc;cxx;def;odl;idl;hpj;bat;asm;asmx</Extensions>
    </Filter>
    <Filter Include="Header Files">
      <UniqueIdentifier>{93995380-89BD-4b04-88EB-625FBE52EBFB}</UniqueIdentifier>
      <Extensions>h;hh;hpp;hxx;hm;inl;inc;xsd</Extensions>
    </Filter>
    <Filter Include="Resource Files">
      <UniqueIdentifier>{67DA6AB6-F800-4c08-8B7A-83BB121AAD01}</UniqueIdentifier>
      <Extensions>rc;ico;cur;bmp;dlg;rc2;rct;bin;rgs;gif;jpg;jpeg;jpe;resx;tiff;tif;png;wav;mfcribbon-ms</Extensions>
    </Filter>
    <Filter Include="Source Files\03 Fragmentation">
      <UniqueIdentifier>{4310c3d5-455e-4e3f-b7f1-6c97004a1106}</UniqueIdentifier>
    </Filter>
    <Filter Include="Source Files\04 Collisions">
      <UniqueIdentifier>{3d07d6a1-482f-4598-b366-4de2a29bc739}</UniqueIdentifier>
    </Filter>
    <Filter Include="Source Files\01 Framework">
      <UniqueIdentifier>{1aca592e-aae9-44c5-916f-b25fb193bf29}</UniqueIdentifier>
    </Filter>
    <Filter Include="Source Files\02 Utilities">
      <UniqueIdentifier>{06cc0276-08ea-4951-8e2f-0c6ac364b1f4}</UniqueIdentifier>
    </Filter>
    <Filter Include="Header Files\01 Framework">
      <UniqueIdentifier>{84034ba1-18fa-4f30-842b-8c34aff6cf10}</UniqueIdentifier>
    </Filter>
    <Filter Include="Header Files\02 Utilities">
      <UniqueIdentifier>{80046dff-2b50-4915-a744-4ba355d83643}</UniqueIdentifier>
    </Filter>
    <Filter Include="Header Files\04 Collision">
      <UniqueIdentifier>{fba1f8ea-7553-41ab-8318-d99aa04ca7b9}</UniqueIdentifier>
    </Filter>
    <Filter Include="Header Files\03 Fragmentation">
      <UniqueIdentifier>{e6b7ad93-cdcc-4295-8999-36acb42152b5}</UniqueIdentifier>
    </Filter>
    <Filter Include="Source Files\05 Propagators">
      <UniqueIdentifier>{b2562c06-2974-471e-91ec-d17adefec9b3}</UniqueIdentifier>
    </Filter>
    <Filter Include="Header Files\05 Propagators">
      <UniqueIdentifier>{c1820f57-0ec7-460b-b169-949e4ab8bea5}</UniqueIdentifier>
    </Filter>
  </ItemGroup>
  <ItemGroup>
    <Text Include="ReadMe.txt" />
  </ItemGroup>
  <ItemGroup>
    <ClInclude Include="resource.h">
      <Filter>Header Files\01 Framework</Filter>
    </ClInclude>
    <ClInclude Include="stdafx.h">
      <Filter>Header Files\01 Framework</Filter>
    </ClInclude>
    <ClInclude Include="targetver.h">
      <Filter>Header Files\01 Framework</Filter>
    </ClInclude>
    <ClInclude Include="Utilities\DebrisObject.h">
      <Filter>Header Files\02 Utilities</Filter>
    </ClInclude>
    <ClInclude Include="Utilities\DebrisPopulation.h">
      <Filter>Header Files\02 Utilities</Filter>
    </ClInclude>
    <ClInclude Include="Utilities\OrbitalUtilities.h">
      <Filter>Header Files\02 Utilities</Filter>
    </ClInclude>
    <ClInclude Include="Utilities\OrbitalAnomalies.h">
      <Filter>Header Files\02 Utilities</Filter>
    </ClInclude>
    <ClInclude Include="Utilities\OrbitalElements.h">
      <Filter>Header Files\02 Utilities</Filter>
    </ClInclude>
    <ClInclude Include="Modules\Fragmentation_Models\fragmentation.h">
      <Filter>Header Files\03 Fragmentation</Filter>
    </ClInclude>
    <ClInclude Include="Modules\Fragmentation_Models\FragmentCloud.h">
      <Filter>Header Files\03 Fragmentation</Filter>
    </ClInclude>
    <ClInclude Include="Modules\Fragmentation_Models\NSBM.h">
      <Filter>Header Files\03 Fragmentation</Filter>
    </ClInclude>
    <ClInclude Include="Modules\Collision_Algorithms\CUBE.h">
      <Filter>Header Files\04 Collision</Filter>
    </ClInclude>
    <ClInclude Include="Modules\Collision_Algorithms\Collisions.h">
      <Filter>Header Files\04 Collision</Filter>
    </ClInclude>
    <ClInclude Include="Modules\Collision_Algorithms\OrbitTrace.h">
      <Filter>Header Files\04 Collision</Filter>
    </ClInclude>
    <ClInclude Include="Modules\Collision_Algorithms\HootsFilter.h">
      <Filter>Header Files\04 Collision</Filter>
    </ClInclude>
    <ClInclude Include="Modules\Propagators\Analytical\Analytic_J2.h">
      <Filter>Header Files\05 Propagators</Filter>
    </ClInclude>
    <ClInclude Include="Modules\Propagators\Propagator.h">
      <Filter>Header Files\05 Propagators</Filter>
    </ClInclude>
  </ItemGroup>
  <ItemGroup>
    <ClCompile Include="Framework.cpp">
      <Filter>Source Files\01 Framework</Filter>
    </ClCompile>
    <ClCompile Include="stdafx.cpp">
      <Filter>Source Files\01 Framework</Filter>
    </ClCompile>
    <ClCompile Include="Utilities\DebrisObject.cpp">
      <Filter>Source Files\02 Utilities</Filter>
    </ClCompile>
    <ClCompile Include="Utilities\DebrisPopulation.cpp">
      <Filter>Source Files\02 Utilities</Filter>
    </ClCompile>
    <ClCompile Include="Utilities\OrbitalUtilities.cpp">
      <Filter>Source Files\02 Utilities</Filter>
    </ClCompile>
    <ClCompile Include="Utilities\OrbitalAnomalies.cpp">
      <Filter>Source Files\02 Utilities</Filter>
    </ClCompile>
    <ClCompile Include="Utilities\OrbitalElements.cpp">
      <Filter>Source Files\02 Utilities</Filter>
    </ClCompile>
    <ClCompile Include="Modules\Fragmentation_Models\FragmentationFunctions.cpp">
      <Filter>Source Files\03 Fragmentation</Filter>
    </ClCompile>
    <ClCompile Include="Modules\Fragmentation_Models\FragmentCloud.cpp">
      <Filter>Source Files\03 Fragmentation</Filter>
    </ClCompile>
    <ClCompile Include="Modules\Fragmentation_Models\NASAStdBrkUpMdl.cpp">
      <Filter>Source Files\03 Fragmentation</Filter>
    </ClCompile>
    <ClCompile Include="Modules\Collision_Algorithms\CUBE.cpp">
      <Filter>Source Files\04 Collisions</Filter>
    </ClCompile>
    <ClCompile Include="Modules\Collision_Algorithms\CollisionFunctions.cpp">
      <Filter>Source Files\04 Collisions</Filter>
    </ClCompile>
    <ClCompile Include="Modules\Collision_Algorithms\OrbitTrace.cpp">
      <Filter>Source Files\04 Collisions</Filter>
    </ClCompile>
    <ClCompile Include="Modules\Collision_Algorithms\HootsFilter.cpp">
      <Filter>Source Files\04 Collisions</Filter>
    </ClCompile>
    <ClCompile Include="Modules\Propagators\Analytical\Analytic_J2.cpp">
      <Filter>Source Files\05 Propagators</Filter>
    </ClCompile>
    <ClCompile Include="Modules\Propagators\Propagator.cpp">
      <Filter>Source Files\05 Propagators</Filter>
    </ClCompile>
  </ItemGroup>
  <ItemGroup>
    <ResourceCompile Include="Framework.rc">
      <Filter>Resource Files</Filter>
    </ResourceCompile>
  </ItemGroup>
</Project>